
Microsoft Visual Studio Solution File, Format Version 12.00
# Visual Studio Version 17
VisualStudioVersion = 17.4.33110.190
MinimumVisualStudioVersion = 10.0.40219.1
Project("{6EC3EE1D-3C4E-46DD-8F32-0CC8E7565705}") = "OptimizationProblems.Greedy.MoneyExchange", "OptimizationProblems.Greedy.MoneyExchange\OptimizationProblems.Greedy.MoneyExchange.fsproj", "{949D7020-85BF-4075-AB17-D035907E8E67}"
EndProject
Project("{6EC3EE1D-3C4E-46DD-8F32-0CC8E7565705}") = "OptimizationProblems.Greedy.MoneyExchange.Tests", "OptimizationProblems.Greedy.MoneyExchange.Tests\OptimizationProblems.Greedy.MoneyExchange.Tests.fsproj", "{1F411E2F-05E8-44EA-BF08-EF08727158AB}"
EndProject
Project("{6EC3EE1D-3C4E-46DD-8F32-0CC8E7565705}") = "OptimizationProblems.Greedy.Bagpack", "OptimizationProblems.Greedy.Bagpack\OptimizationProblems.Greedy.Bagpack.fsproj", "{D914AEBD-5C2F-4A92-94C9-616765FD8910}"
EndProject
Project("{6EC3EE1D-3C4E-46DD-8F32-0CC8E7565705}") = "OptimizationProblems.Greedy.Bagpack.Tests", "OptimizationProblems.Greedy.Bagpack.Tests\OptimizationProblems.Greedy.Bagpack.Tests.fsproj", "{35E7DAC4-E351-4932-8F02-AF6CD5E585D9}"
EndProject
Project("{6EC3EE1D-3C4E-46DD-8F32-0CC8E7565705}") = "OptimizationProblems.Greedy.SelectActivities", "OptimizationProblems.Greedy.SelectActivities\OptimizationProblems.Greedy.SelectActivities.fsproj", "{57F9F29F-5055-4A4C-BFD9-4060CC096B21}"
EndProject
Project("{6EC3EE1D-3C4E-46DD-8F32-0CC8E7565705}") = "OptimizationProblems.Greedy.SelectActivities.Tests", "OptimizationProblems.Greedy.SelectActivities.Tests\OptimizationProblems.Greedy.SelectActivities.Tests.fsproj", "{7A57E230-4078-4267-8944-ADD038957099}"
EndProject
Project("{6EC3EE1D-3C4E-46DD-8F32-0CC8E7565705}") = "OptimizationProblems.Greedy.ActivitiesWithDeadlines", "OptimizationProblems.Greedy.ActivitiesWithDeadlines\OptimizationProblems.Greedy.ActivitiesWithDeadlines.fsproj", "{3194A082-CE0D-4E11-902A-019F6DCA31F3}"
EndProject
Project("{6EC3EE1D-3C4E-46DD-8F32-0CC8E7565705}") = "OptimizationProblems.Greedy.OptimalMerge", "OptimizationProblems.Greedy.OptimalMerge\OptimizationProblems.Greedy.OptimalMerge.fsproj", "{60FBCAB7-0A40-4466-BEB2-4A59F0E0E4CB}"
EndProject
Project("{6EC3EE1D-3C4E-46DD-8F32-0CC8E7565705}") = "OptimizationProblems.Greedy.OptimalMerge.Tests", "OptimizationProblems.Greedy.OptimalMerge.Tests\OptimizationProblems.Greedy.OptimalMerge.Tests.fsproj", "{00108449-930E-4B56-B9FE-5DB3D89F0222}"
EndProject
Project("{6EC3EE1D-3C4E-46DD-8F32-0CC8E7565705}") = "OptimizationProblems.Greedy.ActivitiesWithDeadlines.Tests", "OptimizationProblems.Greedy.ActivitiesWithDeadlines.Tests\OptimizationProblems.Greedy.ActivitiesWithDeadlines.Tests.fsproj", "{D56E4E01-2587-411D-B0FD-43AB84CD243D}"
EndProject
Project("{2150E333-8FDC-42A3-9474-1A3956D46DE8}") = "Greedy", "Greedy", "{9555797C-701D-494D-8D5D-1A89FBD68ADC}"
EndProject
Project("{2150E333-8FDC-42A3-9474-1A3956D46DE8}") = "Projects", "Projects", "{5463DE7E-3942-4520-ABB6-6D2FB0FA9608}"
EndProject
Project("{2150E333-8FDC-42A3-9474-1A3956D46DE8}") = "Tests", "Tests", "{38D07666-AF65-4D60-8BF6-738B733D960F}"
EndProject
Project("{2150E333-8FDC-42A3-9474-1A3956D46DE8}") = "Dynamic", "Dynamic", "{0D207B9E-EF9B-49F4-A1FB-CFFE85725910}"
EndProject
Project("{F2A71F9B-5D33-465A-A702-920D77279786}") = "OptimizationProblems.Dynamic.Bagpack", "OptimizationProblems.Dynamic.Bagpack\OptimizationProblems.Dynamic.Bagpack.fsproj", "{5E5663F4-DA07-42ED-97C7-96A8BFD939D7}"
EndProject
Project("{F2A71F9B-5D33-465A-A702-920D77279786}") = "OptimizationProblems.Dynamic.Bagpack.Tests", "OptimizationProblems.Dynamic.Bagpack.Tests\OptimizationProblems.Dynamic.Bagpack.Tests.fsproj", "{D3872283-1897-4FB8-BD36-F8D8781E808B}"
EndProject
Global
	GlobalSection(SolutionConfigurationPlatforms) = preSolution
		Debug|Any CPU = Debug|Any CPU
		Release|Any CPU = Release|Any CPU
	EndGlobalSection
	GlobalSection(ProjectConfigurationPlatforms) = postSolution
		{949D7020-85BF-4075-AB17-D035907E8E67}.Debug|Any CPU.ActiveCfg = Debug|Any CPU
		{949D7020-85BF-4075-AB17-D035907E8E67}.Debug|Any CPU.Build.0 = Debug|Any CPU
		{949D7020-85BF-4075-AB17-D035907E8E67}.Release|Any CPU.ActiveCfg = Release|Any CPU
		{949D7020-85BF-4075-AB17-D035907E8E67}.Release|Any CPU.Build.0 = Release|Any CPU
		{1F411E2F-05E8-44EA-BF08-EF08727158AB}.Debug|Any CPU.ActiveCfg = Debug|Any CPU
		{1F411E2F-05E8-44EA-BF08-EF08727158AB}.Debug|Any CPU.Build.0 = Debug|Any CPU
		{1F411E2F-05E8-44EA-BF08-EF08727158AB}.Release|Any CPU.ActiveCfg = Release|Any CPU
		{1F411E2F-05E8-44EA-BF08-EF08727158AB}.Release|Any CPU.Build.0 = Release|Any CPU
		{D914AEBD-5C2F-4A92-94C9-616765FD8910}.Debug|Any CPU.ActiveCfg = Debug|Any CPU
		{D914AEBD-5C2F-4A92-94C9-616765FD8910}.Debug|Any CPU.Build.0 = Debug|Any CPU
		{D914AEBD-5C2F-4A92-94C9-616765FD8910}.Release|Any CPU.ActiveCfg = Release|Any CPU
		{D914AEBD-5C2F-4A92-94C9-616765FD8910}.Release|Any CPU.Build.0 = Release|Any CPU
		{35E7DAC4-E351-4932-8F02-AF6CD5E585D9}.Debug|Any CPU.ActiveCfg = Debug|Any CPU
		{35E7DAC4-E351-4932-8F02-AF6CD5E585D9}.Debug|Any CPU.Build.0 = Debug|Any CPU
		{35E7DAC4-E351-4932-8F02-AF6CD5E585D9}.Release|Any CPU.ActiveCfg = Release|Any CPU
		{35E7DAC4-E351-4932-8F02-AF6CD5E585D9}.Release|Any CPU.Build.0 = Release|Any CPU
		{57F9F29F-5055-4A4C-BFD9-4060CC096B21}.Debug|Any CPU.ActiveCfg = Debug|Any CPU
		{57F9F29F-5055-4A4C-BFD9-4060CC096B21}.Debug|Any CPU.Build.0 = Debug|Any CPU
		{57F9F29F-5055-4A4C-BFD9-4060CC096B21}.Release|Any CPU.ActiveCfg = Release|Any CPU
		{57F9F29F-5055-4A4C-BFD9-4060CC096B21}.Release|Any CPU.Build.0 = Release|Any CPU
		{7A57E230-4078-4267-8944-ADD038957099}.Debug|Any CPU.ActiveCfg = Debug|Any CPU
		{7A57E230-4078-4267-8944-ADD038957099}.Debug|Any CPU.Build.0 = Debug|Any CPU
		{7A57E230-4078-4267-8944-ADD038957099}.Release|Any CPU.ActiveCfg = Release|Any CPU
		{7A57E230-4078-4267-8944-ADD038957099}.Release|Any CPU.Build.0 = Release|Any CPU
		{3194A082-CE0D-4E11-902A-019F6DCA31F3}.Debug|Any CPU.ActiveCfg = Debug|Any CPU
		{3194A082-CE0D-4E11-902A-019F6DCA31F3}.Debug|Any CPU.Build.0 = Debug|Any CPU
		{3194A082-CE0D-4E11-902A-019F6DCA31F3}.Release|Any CPU.ActiveCfg = Release|Any CPU
		{3194A082-CE0D-4E11-902A-019F6DCA31F3}.Release|Any CPU.Build.0 = Release|Any CPU
		{60FBCAB7-0A40-4466-BEB2-4A59F0E0E4CB}.Debug|Any CPU.ActiveCfg = Debug|Any CPU
		{60FBCAB7-0A40-4466-BEB2-4A59F0E0E4CB}.Debug|Any CPU.Build.0 = Debug|Any CPU
		{60FBCAB7-0A40-4466-BEB2-4A59F0E0E4CB}.Release|Any CPU.ActiveCfg = Release|Any CPU
		{60FBCAB7-0A40-4466-BEB2-4A59F0E0E4CB}.Release|Any CPU.Build.0 = Release|Any CPU
		{00108449-930E-4B56-B9FE-5DB3D89F0222}.Debug|Any CPU.ActiveCfg = Debug|Any CPU
		{00108449-930E-4B56-B9FE-5DB3D89F0222}.Debug|Any CPU.Build.0 = Debug|Any CPU
		{00108449-930E-4B56-B9FE-5DB3D89F0222}.Release|Any CPU.ActiveCfg = Release|Any CPU
		{00108449-930E-4B56-B9FE-5DB3D89F0222}.Release|Any CPU.Build.0 = Release|Any CPU
		{D56E4E01-2587-411D-B0FD-43AB84CD243D}.Debug|Any CPU.ActiveCfg = Debug|Any CPU
		{D56E4E01-2587-411D-B0FD-43AB84CD243D}.Debug|Any CPU.Build.0 = Debug|Any CPU
		{D56E4E01-2587-411D-B0FD-43AB84CD243D}.Release|Any CPU.ActiveCfg = Release|Any CPU
		{D56E4E01-2587-411D-B0FD-43AB84CD243D}.Release|Any CPU.Build.0 = Release|Any CPU
		{5E5663F4-DA07-42ED-97C7-96A8BFD939D7}.Debug|Any CPU.ActiveCfg = Debug|Any CPU
		{5E5663F4-DA07-42ED-97C7-96A8BFD939D7}.Debug|Any CPU.Build.0 = Debug|Any CPU
		{5E5663F4-DA07-42ED-97C7-96A8BFD939D7}.Release|Any CPU.ActiveCfg = Release|Any CPU
		{5E5663F4-DA07-42ED-97C7-96A8BFD939D7}.Release|Any CPU.Build.0 = Release|Any CPU
		{D3872283-1897-4FB8-BD36-F8D8781E808B}.Debug|Any CPU.ActiveCfg = Debug|Any CPU
		{D3872283-1897-4FB8-BD36-F8D8781E808B}.Debug|Any CPU.Build.0 = Debug|Any CPU
		{D3872283-1897-4FB8-BD36-F8D8781E808B}.Release|Any CPU.ActiveCfg = Release|Any CPU
		{D3872283-1897-4FB8-BD36-F8D8781E808B}.Release|Any CPU.Build.0 = Release|Any CPU
	EndGlobalSection
	GlobalSection(SolutionProperties) = preSolution
		HideSolutionNode = FALSE
	EndGlobalSection
	GlobalSection(NestedProjects) = preSolution
		{949D7020-85BF-4075-AB17-D035907E8E67} = {5463DE7E-3942-4520-ABB6-6D2FB0FA9608}
		{1F411E2F-05E8-44EA-BF08-EF08727158AB} = {38D07666-AF65-4D60-8BF6-738B733D960F}
		{D914AEBD-5C2F-4A92-94C9-616765FD8910} = {5463DE7E-3942-4520-ABB6-6D2FB0FA9608}
		{35E7DAC4-E351-4932-8F02-AF6CD5E585D9} = {38D07666-AF65-4D60-8BF6-738B733D960F}
		{57F9F29F-5055-4A4C-BFD9-4060CC096B21} = {5463DE7E-3942-4520-ABB6-6D2FB0FA9608}
		{7A57E230-4078-4267-8944-ADD038957099} = {38D07666-AF65-4D60-8BF6-738B733D960F}
		{3194A082-CE0D-4E11-902A-019F6DCA31F3} = {5463DE7E-3942-4520-ABB6-6D2FB0FA9608}
		{60FBCAB7-0A40-4466-BEB2-4A59F0E0E4CB} = {5463DE7E-3942-4520-ABB6-6D2FB0FA9608}
		{00108449-930E-4B56-B9FE-5DB3D89F0222} = {38D07666-AF65-4D60-8BF6-738B733D960F}
		{D56E4E01-2587-411D-B0FD-43AB84CD243D} = {38D07666-AF65-4D60-8BF6-738B733D960F}
		{5463DE7E-3942-4520-ABB6-6D2FB0FA9608} = {9555797C-701D-494D-8D5D-1A89FBD68ADC}
		{38D07666-AF65-4D60-8BF6-738B733D960F} = {9555797C-701D-494D-8D5D-1A89FBD68ADC}
	EndGlobalSection
	GlobalSection(ExtensibilityGlobals) = postSolution
		SolutionGuid = {DDC66B56-24C1-4D60-A797-E36454D81285}
	EndGlobalSection
EndGlobal
